{
  "requires": true,
  "lockfileVersion": 1,
  "dependencies": {
    "@tensorflow-models/blazeface": {
      "version": "0.0.7",
      "resolved": "https://registry.npmjs.org/@tensorflow-models/blazeface/-/blazeface-0.0.7.tgz",
      "integrity": "sha512-+hInPkvHJoubfiXlmNuF3SCucZvU6W1PMC25IV99NSAftJUpKvLokfF93iX8UkOFQCXkPFbnLKacGfGlbjgvMw=="
    }
  }
}
